{
  "version": 4,
  "terraform_version": "1.1.5",
  "serial": 6,
  "lineage": "a7ef42d9-9900-6d67-7f60-edffec6aa247",
  "outputs": {},
  "resources": [
    {
      "mode": "managed",
      "type": "azurerm_lighthouse_assignment",
      "name": "cg_lh_asn",
      "provider": "provider[\"registry.terraform.io/hashicorp/azurerm\"]",
      "instances": [
        {
          "schema_version": 0,
          "attributes": {
            "id": "/subscriptions/8807d9f1-a323-4343-a89d-faf5bfcba34a/resourceGroups/ak-rg-sentineltest/providers/Microsoft.ManagedServices/registrationAssignments/c5d80d38-26ba-c040-ce36-cb202716fcf3",
            "lighthouse_definition_id": "/subscriptions/8807d9f1-a323-4343-a89d-faf5bfcba34a/providers/Microsoft.ManagedServices/registrationDefinitions/9c7e0c62-de2c-66b7-c4c7-9a0faa09c692",
            "name": "c5d80d38-26ba-c040-ce36-cb202716fcf3",
            "scope": "/subscriptions/8807d9f1-a323-4343-a89d-faf5bfcba34a/resourceGroups/ak-rg-sentineltest",
            "timeouts": null
          },
          "sensitive_attributes": [],
          "private": "eyJlMmJmYjczMC1lY2FhLTExZTYtOGY4OC0zNDM2M2JjN2M0YzAiOnsiY3JlYXRlIjoxODAwMDAwMDAwMDAwLCJkZWxldGUiOjE4MDAwMDAwMDAwMDAsInJlYWQiOjMwMDAwMDAwMDAwMH19",
          "dependencies": [
            "azurerm_lighthouse_definition.cg_lh_def"
          ]
        }
      ]
    },
    {
      "mode": "managed",
      "type": "azurerm_lighthouse_definition",
      "name": "cg_lh_def",
      "provider": "provider[\"registry.terraform.io/hashicorp/azurerm\"]",
      "instances": [
        {
          "schema_version": 0,
          "attributes": {
            "authorization": [
              {
                "delegated_role_definition_ids": [],
                "principal_display_name": "AKTest CloudGuard SOC Team",
                "principal_id": "264e314d-232d-403c-845e-b35ca1754648",
                "role_definition_id": "b24988ac-6180-42a0-ab88-20f7382dd24c"
              }
            ],
            "description": "Azure Lighthouse definition from the Cloudguard AI tenant to the Centiq test PAYG subscription - created by Andy King",
            "id": "/subscriptions/8807d9f1-a323-4343-a89d-faf5bfcba34a/providers/Microsoft.ManagedServices/registrationDefinitions/9c7e0c62-de2c-66b7-c4c7-9a0faa09c692",
            "lighthouse_definition_id": "9c7e0c62-de2c-66b7-c4c7-9a0faa09c692",
            "managing_tenant_id": "437026fb-9437-4952-bc67-cb19cd2a8612",
            "name": "AKTest-Lighthouse-Cloudguard-to-Centiq",
            "plan": [],
            "scope": "/subscriptions/8807d9f1-a323-4343-a89d-faf5bfcba34a",
            "timeouts": null
          },
          "sensitive_attributes": [],
          "private": "eyJlMmJmYjczMC1lY2FhLTExZTYtOGY4OC0zNDM2M2JjN2M0YzAiOnsiY3JlYXRlIjoxODAwMDAwMDAwMDAwLCJkZWxldGUiOjE4MDAwMDAwMDAwMDAsInJlYWQiOjMwMDAwMDAwMDAwMCwidXBkYXRlIjoxODAwMDAwMDAwMDAwfX0="
        }
      ]
    }
  ]
}
